
Microsoft Visual Studio Solution File, Format Version 11.00
# Visual Studio 2010
Project("{FAE04EC0-301F-11D3-BF4B-00C04F79EFBC}") = "Dotnet.Samples.Log4Net", "Dotnet.Samples.Log4Net\Dotnet.Samples.Log4Net.csproj", "{63B40598-0827-4CF8-93B1-D78AB1EB9ADE}"
EndProject
Global
	GlobalSection(SolutionConfigurationPlatforms) = preSolution
		Debug|x86 = Debug|x86
		Release|x86 = Release|x86
	EndGlobalSection
	GlobalSection(ProjectConfigurationPlatforms) = postSolution
		{63B40598-0827-4CF8-93B1-D78AB1EB9ADE}.Debug|x86.ActiveCfg = Debug|x86
		{63B40598-0827-4CF8-93B1-D78AB1EB9ADE}.Debug|x86.Build.0 = Debug|x86
		{63B40598-0827-4CF8-93B1-D78AB1EB9ADE}.Release|x86.ActiveCfg = Release|x86
		{63B40598-0827-4CF8-93B1-D78AB1EB9ADE}.Release|x86.Build.0 = Release|x86
	EndGlobalSection
	GlobalSection(SolutionProperties) = preSolution
		HideSolutionNode = FALSE
	EndGlobalSection
EndGlobal
